hash: df9324f8168d5ea9d40c0a5932fbf80e1f2d2d172804b46d3df8d622186201bc
updated: 2017-07-08T17:16:38.862052111+01:00
imports:
- name: github.com/NodePrime/jsonpath
  version: 84403ded544328c99be3472727667179eef23a91
  repo: https://github.com/NodePrime/jsonpath
  subpackages:
  - cli/jsonpath
- name: golang.org/x/net
  version: 054b33e6527139ad5b1ec2f6232c3b175bd9a30c
  subpackages:
  - html
  - html/atom
- name: gopkg.in/xmlpath.v2
  version: 860cbeca3ebcc600db0b213c0e83ad6ce91f5739
- name: gopkg.in/yaml.v2
  version: f7716cbe52baa25d2e9b0d0da546fcf909fc16b4
  repo: https://gopkg.in/yaml.v2
testImports: []
